
Microsoft Visual Studio Solution File, Format Version 12.00
# Visual Studio Version 17
VisualStudioVersion = 17.5.33424.131
MinimumVisualStudioVersion = 10.0.40219.1
Project("{F184B08F-C81C-45F6-A57F-5ABD9991F28F}") = "CheckersPattern", "CheckersPattern.vbproj", "{435B11E9-FE84-4110-8E58-75ED72F4BD7D}"
EndProject
Global
	GlobalSection(SolutionConfigurationPlatforms) = preSolution
		Debug|Any CPU = Debug|Any CPU
		Release|Any CPU = Release|Any CPU
	EndGlobalSection
	GlobalSection(ProjectConfigurationPlatforms) = postSolution
		{435B11E9-FE84-4110-8E58-75ED72F4BD7D}.Debug|Any CPU.ActiveCfg = Debug|Any CPU
		{435B11E9-FE84-4110-8E58-75ED72F4BD7D}.Debug|Any CPU.Build.0 = Debug|Any CPU
		{435B11E9-FE84-4110-8E58-75ED72F4BD7D}.Release|Any CPU.ActiveCfg = Release|Any CPU
		{435B11E9-FE84-4110-8E58-75ED72F4BD7D}.Release|Any CPU.Build.0 = Release|Any CPU
	EndGlobalSection
	GlobalSection(SolutionProperties) = preSolution
		HideSolutionNode = FALSE
	EndGlobalSection
	GlobalSection(ExtensibilityGlobals) = postSolution
		SolutionGuid = {14674A55-CB54-43FA-9F3C-B2F11F0631CE}
	EndGlobalSection
EndGlobal
